// !$*UTF8*$!
{
	archiveVersion = 1;
	classes = {
	};
	objectVersion = 46;
	objects = {

/* Begin PBXBuildFile section */
		7308935D1EE20F3A006B9519 /* PaypalPaymentService.m in Sources */ = {isa = PBXBuildFile; fileRef = 7308935C1EE20F3A006B9519 /* PaypalPaymentService.m */; };
		730893601EE20F86006B9519 /* StripePaymentService.m in Sources */ = {isa = PBXBuildFile; fileRef = 7308935F1EE20F86006B9519 /* StripePaymentService.m */; };
		730893631EE20F94006B9519 /* AmazonPaymentService.m in Sources */ = {isa = PBXBuildFile; fileRef = 730893621EE20F93006B9519 /* AmazonPaymentService.m */; };
		730893661EE21A14006B9519 /* ApplePaymentService.m in Sources */ = {isa = PBXBuildFile; fileRef = 730893651EE21A14006B9519 /* ApplePaymentService.m */; };
		73FB0B0C1EE20837001B1E51 /* main.m in Sources */ = {isa = PBXBuildFile; fileRef = 73FB0B0B1EE20837001B1E51 /* main.m */; };
		73FB0B141EE20864001B1E51 /* PaymentGateway.m in Sources */ = {isa = PBXBuildFile; fileRef = 73FB0B131EE20864001B1E51 /* PaymentGateway.m */; };
		73FB0B171EE20942001B1E51 /* InputHandler.m in Sources */ = {isa = PBXBuildFile; fileRef = 73FB0B161EE20942001B1E51 /* InputHandler.m */; };
/* End PBXBuildFile section */

/* Begin PBXCopyFilesBuildPhase section */
		73FB0B061EE20837001B1E51 /* CopyFiles */ = {
			isa = PBXCopyFilesBuildPhase;
			buildActionMask = 2147483647;
			dstPath = /usr/share/man/man1/;
			dstSubfolderSpec = 0;
			files = (
			);
			runOnlyForDeploymentPostprocessing = 1;
		};
/* End PBXCopyFilesBuildPhase section */

/* Begin PBXFileReference section */
		7308935B1EE20F3A006B9519 /* PaypalPaymentService.h */ = {isa = PBXFileReference; fileEncoding = 4; lastKnownFileType = sourcecode.c.h; path = PaypalPaymentService.h; sourceTree = "<group>"; };
		7308935C1EE20F3A006B9519 /* PaypalPaymentService.m */ = {isa = PBXFileReference; fileEncoding = 4; lastKnownFileType = sourcecode.c.objc; path = PaypalPaymentService.m; sourceTree = "<group>"; };
		7308935E1EE20F86006B9519 /* StripePaymentService.h */ = {isa = PBXFileReference; fileEncoding = 4; lastKnownFileType = sourcecode.c.h; path = StripePaymentService.h; sourceTree = "<group>"; };
		7308935F1EE20F86006B9519 /* StripePaymentService.m */ = {isa = PBXFileReference; fileEncoding = 4; lastKnownFileType = sourcecode.c.objc; path = StripePaymentService.m; sourceTree = "<group>"; };
		730893611EE20F93006B9519 /* AmazonPaymentService.h */ = {isa = PBXFileReference; fileEncoding = 4; lastKnownFileType = sourcecode.c.h; path = AmazonPaymentService.h; sourceTree = "<group>"; };
		730893621EE20F93006B9519 /* AmazonPaymentService.m */ = {isa = PBXFileReference; fileEncoding = 4; lastKnownFileType = sourcecode.c.objc; path = AmazonPaymentService.m; sourceTree = "<group>"; };
		730893641EE21A14006B9519 /* ApplePaymentService.h */ = {isa = PBXFileReference; fileEncoding = 4; lastKnownFileType = sourcecode.c.h; path = ApplePaymentService.h; sourceTree = "<group>"; };
		730893651EE21A14006B9519 /* ApplePaymentService.m */ = {isa = PBXFileReference; fileEncoding = 4; lastKnownFileType = sourcecode.c.objc; path = ApplePaymentService.m; sourceTree = "<group>"; };
		73FB0B081EE20837001B1E51 /* Payments */ = {isa = PBXFileReference; explicitFileType = "compiled.mach-o.executable"; includeInIndex = 0; path = Payments; sourceTree = BUILT_PRODUCTS_DIR; };
		73FB0B0B1EE20837001B1E51 /* main.m */ = {isa = PBXFileReference; lastKnownFileType = sourcecode.c.objc; path = main.m; sourceTree = "<group>"; };
		73FB0B121EE20864001B1E51 /* PaymentGateway.h */ = {isa = PBXFileReference; fileEncoding = 4; lastKnownFileType = sourcecode.c.h; path = PaymentGateway.h; sourceTree = "<group>"; };
		73FB0B131EE20864001B1E51 /* PaymentGateway.m */ = {isa = PBXFileReference; fileEncoding = 4; lastKnownFileType = sourcecode.c.objc; path = PaymentGateway.m; sourceTree = "<group>"; };
		73FB0B151EE20942001B1E51 /* InputHandler.h */ = {isa = PBXFileReference; fileEncoding = 4; lastKnownFileType = sourcecode.c.h; path = InputHandler.h; sourceTree = "<group>"; };
		73FB0B161EE20942001B1E51 /* InputHandler.m */ = {isa = PBXFileReference; fileEncoding = 4; lastKnownFileType = sourcecode.c.objc; path = InputHandler.m; sourceTree = "<group>"; };
/* End PBXFileReference section */

/* Begin PBXFrameworksBuildPhase section */
		73FB0B051EE20837001B1E51 /* Frameworks */ = {
			isa = PBXFrameworksBuildPhase;
			buildActionMask = 2147483647;
			files = (
			);
			runOnlyForDeploymentPostprocessing = 0;
		};
/* End PBXFrameworksBuildPhase section */

/* Begin PBXGroup section */
		73FB0AFF1EE20837001B1E51 = {
			isa = PBXGroup;
			children = (
				73FB0B0A1EE20837001B1E51 /* Payments */,
				73FB0B091EE20837001B1E51 /* Products */,
			);
			sourceTree = "<group>";
		};
		73FB0B091EE20837001B1E51 /* Products */ = {
			isa = PBXGroup;
			children = (
				73FB0B081EE20837001B1E51 /* Payments */,
			);
			name = Products;
			sourceTree = "<group>";
		};
		73FB0B0A1EE20837001B1E51 /* Payments */ = {
			isa = PBXGroup;
			children = (
				73FB0B0B1EE20837001B1E51 /* main.m */,
				73FB0B151EE20942001B1E51 /* InputHandler.h */,
				73FB0B161EE20942001B1E51 /* InputHandler.m */,
				730893641EE21A14006B9519 /* ApplePaymentService.h */,
				730893651EE21A14006B9519 /* ApplePaymentService.m */,
				730893611EE20F93006B9519 /* AmazonPaymentService.h */,
				730893621EE20F93006B9519 /* AmazonPaymentService.m */,
				7308935E1EE20F86006B9519 /* StripePaymentService.h */,
				7308935F1EE20F86006B9519 /* StripePaymentService.m */,
				7308935B1EE20F3A006B9519 /* PaypalPaymentService.h */,
				7308935C1EE20F3A006B9519 /* PaypalPaymentService.m */,
				73FB0B121EE20864001B1E51 /* PaymentGateway.h */,
				73FB0B131EE20864001B1E51 /* PaymentGateway.m */,
			);
			path = Payments;
			sourceTree = "<group>";
		};
/* End PBXGroup section */

/* Begin PBXNativeTarget section */
		73FB0B071EE20837001B1E51 /* Payments */ = {
			isa = PBXNativeTarget;
			buildConfigurationList = 73FB0B0F1EE20837001B1E51 /* Build configuration list for PBXNativeTarget "Payments" */;
			buildPhases = (
				73FB0B041EE20837001B1E51 /* Sources */,
				73FB0B051EE20837001B1E51 /* Frameworks */,
				73FB0B061EE20837001B1E51 /* CopyFiles */,
			);
			buildRules = (
			);
			dependencies = (
			);
			name = Payments;
			productName = Payments;
			productReference = 73FB0B081EE20837001B1E51 /* Payments */;
			productType = "com.apple.product-type.tool";
		};
/* End PBXNativeTarget section */

/* Begin PBXProject section */
		73FB0B001EE20837001B1E51 /* Project object */ = {
			isa = PBXProject;
			attributes = {
				LastUpgradeCheck = 0830;
				ORGANIZATIONNAME = "Kevin Cleathero";
				TargetAttributes = {
					73FB0B071EE20837001B1E51 = {
						CreatedOnToolsVersion = 8.3.2;
						ProvisioningStyle = Automatic;
					};
				};
			};
			buildConfigurationList = 73FB0B031EE20837001B1E51 /* Build configuration list for PBXProject "Payments" */;
			compatibilityVersion = "Xcode 3.2";
			developmentRegion = English;
			hasScannedForEncodings = 0;
			knownRegions = (
				en,
			);
			mainGroup = 73FB0AFF1EE20837001B1E51;
			productRefGroup = 73FB0B091EE20837001B1E51 /* Products */;
			projectDirPath = "";
			projectRoot = "";
			targets = (
				73FB0B071EE20837001B1E51 /* Payments */,
			);
		};
/* End PBXProject section */

/* Begin PBXSourcesBuildPhase section */
		73FB0B041EE20837001B1E51 /* Sources */ = {
			isa = PBXSourcesBuildPhase;
			buildActionMask = 2147483647;
			files = (
				730893631EE20F94006B9519 /* AmazonPaymentService.m in Sources */,
				730893601EE20F86006B9519 /* StripePaymentService.m in Sources */,
				73FB0B0C1EE20837001B1E51 /* main.m in Sources */,
				730893661EE21A14006B9519 /* ApplePaymentService.m in Sources */,
				73FB0B171EE20942001B1E51 /* InputHandler.m in Sources */,
				73FB0B141EE20864001B1E51 /* PaymentGateway.m in Sources */,
				7308935D1EE20F3A006B9519 /* PaypalPaymentService.m in Sources */,
			);
			runOnlyForDeploymentPostprocessing = 0;
		};
/* End PBXSourcesBuildPhase section */

/* Begin XCBuildConfiguration section */
		73FB0B0D1EE20837001B1E51 /* Debug */ = {
			isa = XCBuildConfiguration;
			buildSettings = {
				ALWAYS_SEARCH_USER_PATHS = NO;
				CLANG_ANALYZER_NONNULL = YES;
				CLANG_ANALYZER_NUMBER_OBJECT_CONVERSION = YES_AGGRESSIVE;
				CLANG_CXX_LANGUAGE_STANDARD = "gnu++0x";
				CLANG_CXX_LIBRARY = "libc++";
				CLANG_ENABLE_MODULES = YES;
				CLANG_ENABLE_OBJC_ARC = YES;
				CLANG_WARN_BOOL_CONVERSION = YES;
				CLANG_WARN_CONSTANT_CONVERSION = YES;
				CLANG_WARN_DIRECT_OBJC_ISA_USAGE = YES_ERROR;
				CLANG_WARN_DOCUMENTATION_COMMENTS = YES;
				CLANG_WARN_EMPTY_BODY = YES;
				CLANG_WARN_ENUM_CONVERSION = YES;
				CLANG_WARN_INFINITE_RECURSION = YES;
				CLANG_WARN_INT_CONVERSION = YES;
				CLANG_WARN_OBJC_ROOT_CLASS = YES_ERROR;
				CLANG_WARN_SUSPICIOUS_MOVE = YES;
				CLANG_WARN_UNREACHABLE_CODE = YES;
				CLANG_WARN__DUPLICATE_METHOD_MATCH = YES;
				CODE_SIGN_IDENTITY = "-";
				COPY_PHASE_STRIP = NO;
				DEBUG_INFORMATION_FORMAT = dwarf;
				ENABLE_STRICT_OBJC_MSGSEND = YES;
				ENABLE_TESTABILITY = YES;
				GCC_C_LANGUAGE_STANDARD = gnu99;
				GCC_DYNAMIC_NO_PIC = NO;
				GCC_NO_COMMON_BLOCKS = YES;
				GCC_OPTIMIZATION_LEVEL = 0;
				GCC_PREPROCESSOR_DEFINITIONS = (
					"DEBUG=1",
					"$(inherited)",
				);
				GCC_WARN_64_TO_32_BIT_CONVERSION = YES;
				GCC_WARN_ABOUT_RETURN_TYPE = YES_ERROR;
				GCC_WARN_UNDECLARED_SELECTOR = YES;
				GCC_WARN_UNINITIALIZED_AUTOS = YES_AGGRESSIVE;
				GCC_WARN_UNUSED_FUNCTION = YES;
				GCC_WARN_UNUSED_VARIABLE = YES;
				MACOSX_DEPLOYMENT_TARGET = 10.12;
				MTL_ENABLE_DEBUG_INFO = YES;
				ONLY_ACTIVE_ARCH = YES;
				SDKROOT = macosx;
			};
			name = Debug;
		};
		73FB0B0E1EE20837001B1E51 /* Release */ = {
			isa = XCBuildConfiguration;
			buildSettings = {
				ALWAYS_SEARCH_USER_PATHS = NO;
				CLANG_ANALYZER_NONNULL = YES;
				CLANG_ANALYZER_NUMBER_OBJECT_CONVERSION = YES_AGGRESSIVE;
				CLANG_CXX_LANGUAGE_STANDARD = "gnu++0x";
				CLANG_CXX_LIBRARY = "libc++";
				CLANG_ENABLE_MODULES = YES;
				CLANG_ENABLE_OBJC_ARC = YES;
				CLANG_WARN_BOOL_CONVERSION = YES;
				CLANG_WARN_CONSTANT_CONVERSION = YES;
				CLANG_WARN_DIRECT_OBJC_ISA_USAGE = YES_ERROR;
				CLANG_WARN_DOCUMENTATION_COMMENTS = YES;
				CLANG_WARN_EMPTY_BODY = YES;
				CLANG_WARN_ENUM_CONVERSION = YES;
				CLANG_WARN_INFINITE_RECURSION = YES;
				CLANG_WARN_INT_CONVERSION = YES;
				CLANG_WARN_OBJC_ROOT_CLASS = YES_ERROR;
				CLANG_WARN_SUSPICIOUS_MOVE = YES;
				CLANG_WARN_UNREACHABLE_CODE = YES;
				CLANG_WARN__DUPLICATE_METHOD_MATCH = YES;
				CODE_SIGN_IDENTITY = "-";
				COPY_PHASE_STRIP = NO;
				DEBUG_INFORMATION_FORMAT = "dwarf-with-dsym";
				ENABLE_NS_ASSERTIONS = NO;
				ENABLE_STRICT_OBJC_MSGSEND = YES;
				GCC_C_LANGUAGE_STANDARD = gnu99;
				GCC_NO_COMMON_BLOCKS = YES;
				GCC_WARN_64_TO_32_BIT_CONVERSION = YES;
				GCC_WARN_ABOUT_RETURN_TYPE = YES_ERROR;
				GCC_WARN_UNDECLARED_SELECTOR = YES;
				GCC_WARN_UNINITIALIZED_AUTOS = YES_AGGRESSIVE;
				GCC_WARN_UNUSED_FUNCTION = YES;
				GCC_WARN_UNUSED_VARIABLE = YES;
				MACOSX_DEPLOYMENT_TARGET = 10.12;
				MTL_ENABLE_DEBUG_INFO = NO;
				SDKROOT = macosx;
			};
			name = Release;
		};
		73FB0B101EE20837001B1E51 /* Debug */ = {
			isa = XCBuildConfiguration;
			buildSettings = {
				PRODUCT_NAME = "$(TARGET_NAME)";
			};
			name = Debug;
		};
		73FB0B111EE20837001B1E51 /* Release */ = {
			isa = XCBuildConfiguration;
			buildSettings = {
				PRODUCT_NAME = "$(TARGET_NAME)";
			};
			name = Release;
		};
/* End XCBuildConfiguration section */

/* Begin XCConfigurationList section */
		73FB0B031EE20837001B1E51 /* Build configuration list for PBXProject "Payments" */ = {
			isa = XCConfigurationList;
			buildConfigurations = (
				73FB0B0D1EE20837001B1E51 /* Debug */,
				73FB0B0E1EE20837001B1E51 /* Release */,
			);
			defaultConfigurationIsVisible = 0;
			defaultConfigurationName = Release;
		};
		73FB0B0F1EE20837001B1E51 /* Build configuration list for PBXNativeTarget "Payments" */ = {
			isa = XCConfigurationList;
			buildConfigurations = (
				73FB0B101EE20837001B1E51 /* Debug */,
				73FB0B111EE20837001B1E51 /* Release */,
			);
			defaultConfigurationIsVisible = 0;
			defaultConfigurationName = Release;
		};
/* End XCConfigurationList section */
	};
	rootObject = 73FB0B001EE20837001B1E51 /* Project object */;
}
